<?xml version="1.0" encoding="utf-8"?>
<Project ToolsVersion="4.0" xmlns="http://schemas.microsoft.com/developer/msbuild/2003">
  <ItemGroup>
    <Filter Include="Source Files">
      <UniqueIdentifier>{4FC737F1-C7A5-4376-A066-2A32D752A2FF}</UniqueIdentifier>
      <Extensions>cpp;c;cc;cxx;c++;cppm;ixx;def;odl;idl;hpj;bat;asm;asmx</Extensions>
    </Filter>
    <Filter Include="Header Files">
      <UniqueIdentifier>{93995380-89BD-4b04-88EB-625FBE52EBFB}</UniqueIdentifier>
      <Extensions>h;hh;hpp;hxx;h++;hm;inl;inc;ipp;xsd</Extensions>
    </Filter>
    <Filter Include="Resource Files">
      <UniqueIdentifier>{67DA6AB6-F800-4c08-8B7A-83BB121AAD01}</UniqueIdentifier>
      <Extensions>rc;ico;cur;bmp;dlg;rc2;rct;bin;rgs;gif;jpg;jpeg;jpe;resx;tiff;tif;png;wav;mfcribbon-ms</Extensions>
    </Filter>
    <Filter Include="External Files">
      <UniqueIdentifier>{e0a0a17f-dc4c-4b36-b2d7-fadbaf76205c}</UniqueIdentifier>
    </Filter>
    <Filter Include="External Files\imgui">
      <UniqueIdentifier>{dc7e9be1-b916-4f9c-8dd2-adafbe2b6e3d}</UniqueIdentifier>
    </Filter>
    <Filter Include="External Files\glad">
      <UniqueIdentifier>{03df8641-57da-45a6-b7cd-23704348a6e9}</UniqueIdentifier>
    </Filter>
    <Filter Include="Header Files\meshes">
      <UniqueIdentifier>{4ac4556b-cf77-4133-8581-6c038bbc9e19}</UniqueIdentifier>
    </Filter>
    <Filter Include="Resource Files\shaders">
      <UniqueIdentifier>{6cb914dd-0b64-4dc1-826d-c38e43f27313}</UniqueIdentifier>
    </Filter>
  </ItemGroup>
  <ItemGroup>
    <ClCompile Include="main.cpp">
      <Filter>Source Files</Filter>
    </ClCompile>
    <ClCompile Include="..\..\..\..\..\Tools\imgui\imgui-1.89.6\imgui.cpp">
      <Filter>External Files\imgui</Filter>
    </ClCompile>
    <ClCompile Include="..\..\..\..\..\Tools\imgui\imgui-1.89.6\imgui_draw.cpp">
      <Filter>External Files\imgui</Filter>
    </ClCompile>
    <ClCompile Include="..\..\..\..\..\Tools\imgui\imgui-1.89.6\backends\imgui_impl_glfw.cpp">
      <Filter>External Files\imgui</Filter>
    </ClCompile>
    <ClCompile Include="..\..\..\..\..\Tools\imgui\imgui-1.89.6\backends\imgui_impl_opengl3.cpp">
      <Filter>External Files\imgui</Filter>
    </ClCompile>
    <ClCompile Include="..\..\..\..\..\Tools\imgui\imgui-1.89.6\imgui_tables.cpp">
      <Filter>External Files\imgui</Filter>
    </ClCompile>
    <ClCompile Include="..\..\..\..\..\Tools\imgui\imgui-1.89.6\imgui_widgets.cpp">
      <Filter>External Files\imgui</Filter>
    </ClCompile>
    <ClCompile Include="..\..\..\..\..\Tools\glad\src\glad.c">
      <Filter>External Files\glad</Filter>
    </ClCompile>
  </ItemGroup>
  <ItemGroup>
    <ClInclude Include="tdwindow.h">
      <Filter>Header Files</Filter>
    </ClInclude>
    <ClInclude Include="tdui.h">
      <Filter>Header Files</Filter>
    </ClInclude>
    <ClInclude Include="tdshader.h">
      <Filter>Header Files</Filter>
    </ClInclude>
    <ClInclude Include="tdmesh.h">
      <Filter>Header Files</Filter>
    </ClInclude>
    <ClInclude Include="tdmeshes.h">
      <Filter>Header Files\meshes</Filter>
    </ClInclude>
    <ClInclude Include="tdobject.h">
      <Filter>Header Files</Filter>
    </ClInclude>
    <ClInclude Include="tdtexture.h">
      <Filter>Header Files</Filter>
    </ClInclude>
  </ItemGroup>
  <ItemGroup>
    <None Include="classes.cd">
      <Filter>Resource Files</Filter>
    </None>
    <None Include="resources\shaders\advect.glsl">
      <Filter>Resource Files\shaders</Filter>
    </None>
    <None Include="resources\shaders\advect_rg.glsl">
      <Filter>Resource Files\shaders</Filter>
    </None>
    <None Include="resources\shaders\copy.glsl">
      <Filter>Resource Files\shaders</Filter>
    </None>
    <None Include="resources\shaders\copy_rg.glsl">
      <Filter>Resource Files\shaders</Filter>
    </None>
    <None Include="resources\shaders\divergence.glsl">
      <Filter>Resource Files\shaders</Filter>
    </None>
    <None Include="resources\shaders\frag.glsl">
      <Filter>Resource Files\shaders</Filter>
    </None>
    <None Include="resources\shaders\jacobi.glsl">
      <Filter>Resource Files\shaders</Filter>
    </None>
    <None Include="resources\shaders\merge.glsl">
      <Filter>Resource Files\shaders</Filter>
    </None>
    <None Include="resources\shaders\merge_rg.glsl">
      <Filter>Resource Files\shaders</Filter>
    </None>
    <None Include="resources\shaders\project.glsl">
      <Filter>Resource Files\shaders</Filter>
    </None>
    <None Include="resources\shaders\static_boundary.glsl">
      <Filter>Resource Files\shaders</Filter>
    </None>
    <None Include="resources\shaders\vert.glsl">
      <Filter>Resource Files\shaders</Filter>
    </None>
  </ItemGroup>
  <ItemGroup>
    <Text Include="schema.txt" />
  </ItemGroup>
</Project>